
Microsoft Visual Studio Solution File, Format Version 12.00
# Visual Studio Version 17
VisualStudioVersion = 17.12.35707.178
MinimumVisualStudioVersion = 10.0.40219.1
Project("{FAE04EC0-301F-11D3-BF4B-00C04F79EFBC}") = "Calculator", "Calculator.csproj", "{91D85672-DFC4-499B-A795-96455AE7F810}"
EndProject
Project("{FAE04EC0-301F-11D3-BF4B-00C04F79EFBC}") = "CalculatorLibrary", "CalculatorLibrary\CalculatorLibrary.csproj", "{E4AB5752-F2BA-46C6-A4C1-F742F899164B}"
EndProject
Project("{FAE04EC0-301F-11D3-BF4B-00C04F79EFBC}") = "CalculatorTest", "CalculatorTest\CalculatorTest.csproj", "{660BD14B-95ED-49D7-A511-371EA0915D76}"
EndProject
Project("{FAE04EC0-301F-11D3-BF4B-00C04F79EFBC}") = "Interface", "Interface\Interface.csproj", "{E656778C-9AED-41A0-9B7E-8E2EB98B7606}"
EndProject
Global
	GlobalSection(SolutionConfigurationPlatforms) = preSolution
		Debug|Any CPU = Debug|Any CPU
		Release|Any CPU = Release|Any CPU
	EndGlobalSection
	GlobalSection(ProjectConfigurationPlatforms) = postSolution
		{91D85672-DFC4-499B-A795-96455AE7F810}.Debug|Any CPU.ActiveCfg = Debug|Any CPU
		{91D85672-DFC4-499B-A795-96455AE7F810}.Debug|Any CPU.Build.0 = Debug|Any CPU
		{91D85672-DFC4-499B-A795-96455AE7F810}.Release|Any CPU.ActiveCfg = Release|Any CPU
		{91D85672-DFC4-499B-A795-96455AE7F810}.Release|Any CPU.Build.0 = Release|Any CPU
		{E4AB5752-F2BA-46C6-A4C1-F742F899164B}.Debug|Any CPU.ActiveCfg = Debug|Any CPU
		{E4AB5752-F2BA-46C6-A4C1-F742F899164B}.Debug|Any CPU.Build.0 = Debug|Any CPU
		{E4AB5752-F2BA-46C6-A4C1-F742F899164B}.Release|Any CPU.ActiveCfg = Release|Any CPU
		{E4AB5752-F2BA-46C6-A4C1-F742F899164B}.Release|Any CPU.Build.0 = Release|Any CPU
		{660BD14B-95ED-49D7-A511-371EA0915D76}.Debug|Any CPU.ActiveCfg = Debug|Any CPU
		{660BD14B-95ED-49D7-A511-371EA0915D76}.Debug|Any CPU.Build.0 = Debug|Any CPU
		{660BD14B-95ED-49D7-A511-371EA0915D76}.Release|Any CPU.ActiveCfg = Release|Any CPU
		{660BD14B-95ED-49D7-A511-371EA0915D76}.Release|Any CPU.Build.0 = Release|Any CPU
		{E656778C-9AED-41A0-9B7E-8E2EB98B7606}.Debug|Any CPU.ActiveCfg = Debug|Any CPU
		{E656778C-9AED-41A0-9B7E-8E2EB98B7606}.Debug|Any CPU.Build.0 = Debug|Any CPU
		{E656778C-9AED-41A0-9B7E-8E2EB98B7606}.Release|Any CPU.ActiveCfg = Release|Any CPU
		{E656778C-9AED-41A0-9B7E-8E2EB98B7606}.Release|Any CPU.Build.0 = Release|Any CPU
	EndGlobalSection
	GlobalSection(SolutionProperties) = preSolution
		HideSolutionNode = FALSE
	EndGlobalSection
EndGlobal
